// !$*UTF8*$!
{
	archiveVersion = 1;
	classes = {
	};
	objectVersion = 46;
	objects = {

/* Begin PBXBuildFile section */
		18121D8F1E158E82006FAF10 /* Game.cpp in Sources */ = {isa = PBXBuildFile; fileRef = 18121D8D1E158E82006FAF10 /* Game.cpp */; };
		18121D921E159454006FAF10 /* callbacks.cpp in Sources */ = {isa = PBXBuildFile; fileRef = 18121D901E159454006FAF10 /* callbacks.cpp */; };
		1832DD541E02BAE90007A458 /* main.cpp in Sources */ = {isa = PBXBuildFile; fileRef = 1832DD531E02BAE90007A458 /* main.cpp */; };
		1832DD5C1E02BF480007A458 /* OpenGL.framework in Frameworks */ = {isa = PBXBuildFile; fileRef = 1832DD5B1E02BF480007A458 /* OpenGL.framework */; };
		1832DD5E1E02BF5C0007A458 /* libGLEW.2.0.0.dylib in Frameworks */ = {isa = PBXBuildFile; fileRef = 1832DD5D1E02BF5C0007A458 /* libGLEW.2.0.0.dylib */; };
		1832DD601E02BF8B0007A458 /* libglfw3.3.2.dylib in Frameworks */ = {isa = PBXBuildFile; fileRef = 1832DD5F1E02BF8B0007A458 /* libglfw3.3.2.dylib */; };
		1832DD6D1E02DEDF0007A458 /* resources in CopyFiles */ = {isa = PBXBuildFile; fileRef = 1832DD6C1E02DEBF0007A458 /* resources */; };
		1832DD711E02DFA00007A458 /* ShaderLoader.cpp in Sources */ = {isa = PBXBuildFile; fileRef = 1832DD6F1E02DFA00007A458 /* ShaderLoader.cpp */; };
		1832DD751E02E0A50007A458 /* Cube.cpp in Sources */ = {isa = PBXBuildFile; fileRef = 1832DD731E02E0A50007A458 /* Cube.cpp */; };
		185DD0291E0873DC0014CB12 /* Frame.cpp in Sources */ = {isa = PBXBuildFile; fileRef = 185DD0271E0873DC0014CB12 /* Frame.cpp */; };
		18B081BC1E0462D700669944 /* etc1_utils.c in Sources */ = {isa = PBXBuildFile; fileRef = 18B081A71E0462D700669944 /* etc1_utils.c */; };
		18B081BD1E0462D700669944 /* image_DXT.c in Sources */ = {isa = PBXBuildFile; fileRef = 18B081A91E0462D700669944 /* image_DXT.c */; };
		18B081BE1E0462D700669944 /* image_helper.c in Sources */ = {isa = PBXBuildFile; fileRef = 18B081AB1E0462D700669944 /* image_helper.c */; };
		18B081BF1E0462D700669944 /* SOIL2.c in Sources */ = {isa = PBXBuildFile; fileRef = 18B081B01E0462D700669944 /* SOIL2.c */; };
		18FF56431E243FCB00070095 /* Camera.cpp in Sources */ = {isa = PBXBuildFile; fileRef = 18FF56411E243FCB00070095 /* Camera.cpp */; };
		18FF56471E26E60F00070095 /* Light.cpp in Sources */ = {isa = PBXBuildFile; fileRef = 18FF56451E26E60F00070095 /* Light.cpp */; };
		18FF566A1E2BBE7700070095 /* Model.cpp in Sources */ = {isa = PBXBuildFile; fileRef = 18FF56681E2BBE7700070095 /* Model.cpp */; };
		18FF56711E2BC3A400070095 /* VertexTypes.h in Sources */ = {isa = PBXBuildFile; fileRef = 18FF566C1E2BC17B00070095 /* VertexTypes.h */; };
		18FF56721E2BC3A400070095 /* ShapeData.h in Sources */ = {isa = PBXBuildFile; fileRef = 18FF566D1E2BC1F500070095 /* ShapeData.h */; };
		18FF56751E2BC44800070095 /* ShapeGenerator.cpp in Sources */ = {isa = PBXBuildFile; fileRef = 18FF56731E2BC44800070095 /* ShapeGenerator.cpp */; };
/* End PBXBuildFile section */

/* Begin PBXCopyFilesBuildPhase section */
		1832DD4E1E02BAE90007A458 /* CopyFiles */ = {
			isa = PBXCopyFilesBuildPhase;
			buildActionMask = 12;
			dstPath = "";
			dstSubfolderSpec = 16;
			files = (
				1832DD6D1E02DEDF0007A458 /* resources in CopyFiles */,
			);
			runOnlyForDeploymentPostprocessing = 0;
		};
/* End PBXCopyFilesBuildPhase section */

/* Begin PBXFileReference section */
		18121D8D1E158E82006FAF10 /* Game.cpp */ = {isa = PBXFileReference; fileEncoding = 4; lastKnownFileType = sourcecode.cpp.cpp; path = Game.cpp; sourceTree = "<group>"; };
		18121D8E1E158E82006FAF10 /* Game.hpp */ = {isa = PBXFileReference; fileEncoding = 4; lastKnownFileType = sourcecode.cpp.h; path = Game.hpp; sourceTree = "<group>"; };
		18121D901E159454006FAF10 /* callbacks.cpp */ = {isa = PBXFileReference; fileEncoding = 4; lastKnownFileType = sourcecode.cpp.cpp; path = callbacks.cpp; sourceTree = "<group>"; };
		18121D911E159454006FAF10 /* callbacks.hpp */ = {isa = PBXFileReference; fileEncoding = 4; lastKnownFileType = sourcecode.cpp.h; path = callbacks.hpp; sourceTree = "<group>"; };
		1832DD501E02BAE90007A458 /* L_opengl_1 */ = {isa = PBXFileReference; explicitFileType = "compiled.mach-o.executable"; includeInIndex = 0; path = L_opengl_1; sourceTree = BUILT_PRODUCTS_DIR; };
		1832DD531E02BAE90007A458 /* main.cpp */ = {isa = PBXFileReference; lastKnownFileType = sourcecode.cpp.cpp; path = main.cpp; sourceTree = "<group>"; };
		1832DD5B1E02BF480007A458 /* OpenGL.framework */ = {isa = PBXFileReference; lastKnownFileType = wrapper.framework; name = OpenGL.framework; path = System/Library/Frameworks/OpenGL.framework; sourceTree = SDKROOT; };
		1832DD5D1E02BF5C0007A458 /* libGLEW.2.0.0.dylib */ = {isa = PBXFileReference; lastKnownFileType = "compiled.mach-o.dylib"; name = libGLEW.2.0.0.dylib; path = ../../../../../usr/local/Cellar/glew/2.0.0/lib/libGLEW.2.0.0.dylib; sourceTree = "<group>"; };
		1832DD5F1E02BF8B0007A458 /* libglfw3.3.2.dylib */ = {isa = PBXFileReference; lastKnownFileType = "compiled.mach-o.dylib"; name = libglfw3.3.2.dylib; path = ../../../../../usr/local/Cellar/glfw/3.2.1/lib/libglfw3.3.2.dylib; sourceTree = "<group>"; };
		1832DD611E02C06E0007A458 /* includes.h */ = {isa = PBXFileReference; fileEncoding = 4; lastKnownFileType = sourcecode.c.h; path = includes.h; sourceTree = "<group>"; };
		1832DD621E02C5C00007A458 /* constants.h */ = {isa = PBXFileReference; fileEncoding = 4; lastKnownFileType = sourcecode.c.h; path = constants.h; sourceTree = "<group>"; };
		1832DD6B1E02DD0D0007A458 /* basic_vertices.h */ = {isa = PBXFileReference; fileEncoding = 4; lastKnownFileType = sourcecode.c.h; path = basic_vertices.h; sourceTree = "<group>"; };
		1832DD6C1E02DEBF0007A458 /* resources */ = {isa = PBXFileReference; lastKnownFileType = folder; path = resources; sourceTree = "<group>"; };
		1832DD6F1E02DFA00007A458 /* ShaderLoader.cpp */ = {isa = PBXFileReference; fileEncoding = 4; lastKnownFileType = sourcecode.cpp.cpp; path = ShaderLoader.cpp; sourceTree = "<group>"; };
		1832DD701E02DFA00007A458 /* ShaderLoader.hpp */ = {isa = PBXFileReference; fileEncoding = 4; lastKnownFileType = sourcecode.cpp.h; path = ShaderLoader.hpp; sourceTree = "<group>"; };
		1832DD731E02E0A50007A458 /* Cube.cpp */ = {isa = PBXFileReference; fileEncoding = 4; lastKnownFileType = sourcecode.cpp.cpp; path = Cube.cpp; sourceTree = "<group>"; };
		1832DD741E02E0A50007A458 /* Cube.hpp */ = {isa = PBXFileReference; fileEncoding = 4; lastKnownFileType = sourcecode.cpp.h; path = Cube.hpp; sourceTree = "<group>"; };
		185DD0271E0873DC0014CB12 /* Frame.cpp */ = {isa = PBXFileReference; fileEncoding = 4; lastKnownFileType = sourcecode.cpp.cpp; path = Frame.cpp; sourceTree = "<group>"; };
		185DD0281E0873DC0014CB12 /* Frame.hpp */ = {isa = PBXFileReference; fileEncoding = 4; lastKnownFileType = sourcecode.cpp.h; path = Frame.hpp; sourceTree = "<group>"; };
		18B081A71E0462D700669944 /* etc1_utils.c */ = {isa = PBXFileReference; fileEncoding = 4; lastKnownFileType = sourcecode.c.c; path = etc1_utils.c; sourceTree = "<group>"; };
		18B081A81E0462D700669944 /* etc1_utils.h */ = {isa = PBXFileReference; fileEncoding = 4; lastKnownFileType = sourcecode.c.h; path = etc1_utils.h; sourceTree = "<group>"; };
		18B081A91E0462D700669944 /* image_DXT.c */ = {isa = PBXFileReference; fileEncoding = 4; lastKnownFileType = sourcecode.c.c; path = image_DXT.c; sourceTree = "<group>"; };
		18B081AA1E0462D700669944 /* image_DXT.h */ = {isa = PBXFileReference; fileEncoding = 4; lastKnownFileType = sourcecode.c.h; path = image_DXT.h; sourceTree = "<group>"; };
		18B081AB1E0462D700669944 /* image_helper.c */ = {isa = PBXFileReference; fileEncoding = 4; lastKnownFileType = sourcecode.c.c; path = image_helper.c; sourceTree = "<group>"; };
		18B081AC1E0462D700669944 /* image_helper.h */ = {isa = PBXFileReference; fileEncoding = 4; lastKnownFileType = sourcecode.c.h; path = image_helper.h; sourceTree = "<group>"; };
		18B081AD1E0462D700669944 /* jo_jpeg.h */ = {isa = PBXFileReference; fileEncoding = 4; lastKnownFileType = sourcecode.c.h; path = jo_jpeg.h; sourceTree = "<group>"; };
		18B081AE1E0462D700669944 /* pkm_helper.h */ = {isa = PBXFileReference; fileEncoding = 4; lastKnownFileType = sourcecode.c.h; path = pkm_helper.h; sourceTree = "<group>"; };
		18B081AF1E0462D700669944 /* pvr_helper.h */ = {isa = PBXFileReference; fileEncoding = 4; lastKnownFileType = sourcecode.c.h; path = pvr_helper.h; sourceTree = "<group>"; };
		18B081B01E0462D700669944 /* SOIL2.c */ = {isa = PBXFileReference; fileEncoding = 4; lastKnownFileType = sourcecode.c.c; path = SOIL2.c; sourceTree = "<group>"; };
		18B081B11E0462D700669944 /* SOIL2.h */ = {isa = PBXFileReference; fileEncoding = 4; lastKnownFileType = sourcecode.c.h; path = SOIL2.h; sourceTree = "<group>"; };
		18B081B21E0462D700669944 /* stb_image.h */ = {isa = PBXFileReference; fileEncoding = 4; lastKnownFileType = sourcecode.c.h; path = stb_image.h; sourceTree = "<group>"; };
		18B081B31E0462D700669944 /* stb_image_write.h */ = {isa = PBXFileReference; fileEncoding = 4; lastKnownFileType = sourcecode.c.h; path = stb_image_write.h; sourceTree = "<group>"; };
		18B081B41E0462D700669944 /* stbi_DDS.h */ = {isa = PBXFileReference; fileEncoding = 4; lastKnownFileType = sourcecode.c.h; path = stbi_DDS.h; sourceTree = "<group>"; };
		18B081B51E0462D700669944 /* stbi_DDS_c.h */ = {isa = PBXFileReference; fileEncoding = 4; lastKnownFileType = sourcecode.c.h; path = stbi_DDS_c.h; sourceTree = "<group>"; };
		18B081B61E0462D700669944 /* stbi_ext.h */ = {isa = PBXFileReference; fileEncoding = 4; lastKnownFileType = sourcecode.c.h; path = stbi_ext.h; sourceTree = "<group>"; };
		18B081B71E0462D700669944 /* stbi_ext_c.h */ = {isa = PBXFileReference; fileEncoding = 4; lastKnownFileType = sourcecode.c.h; path = stbi_ext_c.h; sourceTree = "<group>"; };
		18B081B81E0462D700669944 /* stbi_pkm.h */ = {isa = PBXFileReference; fileEncoding = 4; lastKnownFileType = sourcecode.c.h; path = stbi_pkm.h; sourceTree = "<group>"; };
		18B081B91E0462D700669944 /* stbi_pkm_c.h */ = {isa = PBXFileReference; fileEncoding = 4; lastKnownFileType = sourcecode.c.h; path = stbi_pkm_c.h; sourceTree = "<group>"; };
		18B081BA1E0462D700669944 /* stbi_pvr.h */ = {isa = PBXFileReference; fileEncoding = 4; lastKnownFileType = sourcecode.c.h; path = stbi_pvr.h; sourceTree = "<group>"; };
		18B081BB1E0462D700669944 /* stbi_pvr_c.h */ = {isa = PBXFileReference; fileEncoding = 4; lastKnownFileType = sourcecode.c.h; path = stbi_pvr_c.h; sourceTree = "<group>"; };
		18FF56411E243FCB00070095 /* Camera.cpp */ = {isa = PBXFileReference; fileEncoding = 4; lastKnownFileType = sourcecode.cpp.cpp; path = Camera.cpp; sourceTree = "<group>"; };
		18FF56421E243FCB00070095 /* Camera.hpp */ = {isa = PBXFileReference; fileEncoding = 4; lastKnownFileType = sourcecode.cpp.h; path = Camera.hpp; sourceTree = "<group>"; };
		18FF56451E26E60F00070095 /* Light.cpp */ = {isa = PBXFileReference; fileEncoding = 4; lastKnownFileType = sourcecode.cpp.cpp; path = Light.cpp; sourceTree = "<group>"; };
		18FF56461E26E60F00070095 /* Light.hpp */ = {isa = PBXFileReference; fileEncoding = 4; lastKnownFileType = sourcecode.cpp.h; path = Light.hpp; sourceTree = "<group>"; };
		18FF56681E2BBE7700070095 /* Model.cpp */ = {isa = PBXFileReference; fileEncoding = 4; lastKnownFileType = sourcecode.cpp.cpp; path = Model.cpp; sourceTree = "<group>"; };
		18FF56691E2BBE7700070095 /* Model.hpp */ = {isa = PBXFileReference; fileEncoding = 4; lastKnownFileType = sourcecode.cpp.h; path = Model.hpp; sourceTree = "<group>"; };
		18FF566C1E2BC17B00070095 /* VertexTypes.h */ = {isa = PBXFileReference; fileEncoding = 4; lastKnownFileType = sourcecode.c.h; path = VertexTypes.h; sourceTree = "<group>"; };
		18FF566D1E2BC1F500070095 /* ShapeData.h */ = {isa = PBXFileReference; fileEncoding = 4; lastKnownFileType = sourcecode.c.h; path = ShapeData.h; sourceTree = "<group>"; };
		18FF56731E2BC44800070095 /* ShapeGenerator.cpp */ = {isa = PBXFileReference; fileEncoding = 4; lastKnownFileType = sourcecode.cpp.cpp; path = ShapeGenerator.cpp; sourceTree = "<group>"; };
		18FF56741E2BC44800070095 /* ShapeGenerator.hpp */ = {isa = PBXFileReference; fileEncoding = 4; lastKnownFileType = sourcecode.cpp.h; path = ShapeGenerator.hpp; sourceTree = "<group>"; };
/* End PBXFileReference section */

/* Begin PBXFrameworksBuildPhase section */
		1832DD4D1E02BAE90007A458 /* Frameworks */ = {
			isa = PBXFrameworksBuildPhase;
			buildActionMask = 2147483647;
			files = (
				1832DD601E02BF8B0007A458 /* libglfw3.3.2.dylib in Frameworks */,
				1832DD5E1E02BF5C0007A458 /* libGLEW.2.0.0.dylib in Frameworks */,
				1832DD5C1E02BF480007A458 /* OpenGL.framework in Frameworks */,
			);
			runOnlyForDeploymentPostprocessing = 0;
		};
/* End PBXFrameworksBuildPhase section */

/* Begin PBXGroup section */
		1832DD471E02BAE90007A458 = {
			isa = PBXGroup;
			children = (
				1832DD521E02BAE90007A458 /* L_opengl_1 */,
				1832DD511E02BAE90007A458 /* Products */,
				1832DD5A1E02BF480007A458 /* Frameworks */,
			);
			sourceTree = "<group>";
		};
		1832DD511E02BAE90007A458 /* Products */ = {
			isa = PBXGroup;
			children = (
				1832DD501E02BAE90007A458 /* L_opengl_1 */,
			);
			name = Products;
			sourceTree = "<group>";
		};
		1832DD521E02BAE90007A458 /* L_opengl_1 */ = {
			isa = PBXGroup;
			children = (
				18B081A61E0462D700669944 /* SOIL2 */,
				1832DD6C1E02DEBF0007A458 /* resources */,
				1832DD631E02CC940007A458 /* src */,
				1832DD531E02BAE90007A458 /* main.cpp */,
			);
			path = L_opengl_1;
			sourceTree = "<group>";
		};
		1832DD5A1E02BF480007A458 /* Frameworks */ = {
			isa = PBXGroup;
			children = (
				1832DD5F1E02BF8B0007A458 /* libglfw3.3.2.dylib */,
				1832DD5D1E02BF5C0007A458 /* libGLEW.2.0.0.dylib */,
				1832DD5B1E02BF480007A458 /* OpenGL.framework */,
			);
			name = Frameworks;
			sourceTree = "<group>";
		};
		1832DD631E02CC940007A458 /* src */ = {
			isa = PBXGroup;
			children = (
				1832DD721E02E08F0007A458 /* Model */,
				1832DD6E1E02DEF70007A458 /* helpers */,
				1832DD641E02CC9A0007A458 /* Intput */,
				1832DD621E02C5C00007A458 /* constants.h */,
				1832DD611E02C06E0007A458 /* includes.h */,
				1832DD6B1E02DD0D0007A458 /* basic_vertices.h */,
				18121D8D1E158E82006FAF10 /* Game.cpp */,
				18121D8E1E158E82006FAF10 /* Game.hpp */,
			);
			name = src;
			sourceTree = "<group>";
		};
		1832DD641E02CC9A0007A458 /* Intput */ = {
			isa = PBXGroup;
			children = (
				18121D901E159454006FAF10 /* callbacks.cpp */,
				18121D911E159454006FAF10 /* callbacks.hpp */,
				18FF56411E243FCB00070095 /* Camera.cpp */,
				18FF56421E243FCB00070095 /* Camera.hpp */,
			);
			name = Intput;
			sourceTree = "<group>";
		};
		1832DD6E1E02DEF70007A458 /* helpers */ = {
			isa = PBXGroup;
			children = (
				1832DD6F1E02DFA00007A458 /* ShaderLoader.cpp */,
				1832DD701E02DFA00007A458 /* ShaderLoader.hpp */,
				185DD0271E0873DC0014CB12 /* Frame.cpp */,
				185DD0281E0873DC0014CB12 /* Frame.hpp */,
			);
			name = helpers;
			sourceTree = "<group>";
		};
		1832DD721E02E08F0007A458 /* Model */ = {
			isa = PBXGroup;
			children = (
				18FF566B1E2BC16400070095 /* Primitives */,
				1832DD731E02E0A50007A458 /* Cube.cpp */,
				1832DD741E02E0A50007A458 /* Cube.hpp */,
				18FF56451E26E60F00070095 /* Light.cpp */,
				18FF56461E26E60F00070095 /* Light.hpp */,
				18FF56681E2BBE7700070095 /* Model.cpp */,
				18FF56691E2BBE7700070095 /* Model.hpp */,
			);
			name = Model;
			sourceTree = "<group>";
		};
		18B081A61E0462D700669944 /* SOIL2 */ = {
			isa = PBXGroup;
			children = (
				18B081A71E0462D700669944 /* etc1_utils.c */,
				18B081A81E0462D700669944 /* etc1_utils.h */,
				18B081A91E0462D700669944 /* image_DXT.c */,
				18B081AA1E0462D700669944 /* image_DXT.h */,
				18B081AB1E0462D700669944 /* image_helper.c */,
				18B081AC1E0462D700669944 /* image_helper.h */,
				18B081AD1E0462D700669944 /* jo_jpeg.h */,
				18B081AE1E0462D700669944 /* pkm_helper.h */,
				18B081AF1E0462D700669944 /* pvr_helper.h */,
				18B081B01E0462D700669944 /* SOIL2.c */,
				18B081B11E0462D700669944 /* SOIL2.h */,
				18B081B21E0462D700669944 /* stb_image.h */,
				18B081B31E0462D700669944 /* stb_image_write.h */,
				18B081B41E0462D700669944 /* stbi_DDS.h */,
				18B081B51E0462D700669944 /* stbi_DDS_c.h */,
				18B081B61E0462D700669944 /* stbi_ext.h */,
				18B081B71E0462D700669944 /* stbi_ext_c.h */,
				18B081B81E0462D700669944 /* stbi_pkm.h */,
				18B081B91E0462D700669944 /* stbi_pkm_c.h */,
				18B081BA1E0462D700669944 /* stbi_pvr.h */,
				18B081BB1E0462D700669944 /* stbi_pvr_c.h */,
			);
			name = SOIL2;
			path = ../../../../../../usr/local/include/SOIL2;
			sourceTree = "<group>";
		};
		18FF566B1E2BC16400070095 /* Primitives */ = {
			isa = PBXGroup;
			children = (
				18FF566C1E2BC17B00070095 /* VertexTypes.h */,
				18FF566D1E2BC1F500070095 /* ShapeData.h */,
				18FF56731E2BC44800070095 /* ShapeGenerator.cpp */,
				18FF56741E2BC44800070095 /* ShapeGenerator.hpp */,
			);
			name = Primitives;
			sourceTree = "<group>";
		};
/* End PBXGroup section */

/* Begin PBXNativeTarget section */
		1832DD4F1E02BAE90007A458 /* L_opengl_1 */ = {
			isa = PBXNativeTarget;
			buildConfigurationList = 1832DD571E02BAE90007A458 /* Build configuration list for PBXNativeTarget "L_opengl_1" */;
			buildPhases = (
				1832DD4C1E02BAE90007A458 /* Sources */,
				1832DD4D1E02BAE90007A458 /* Frameworks */,
				1832DD4E1E02BAE90007A458 /* CopyFiles */,
			);
			buildRules = (
			);
			dependencies = (
			);
			name = L_opengl_1;
			productName = L_opengl_1;
			productReference = 1832DD501E02BAE90007A458 /* L_opengl_1 */;
			productType = "com.apple.product-type.tool";
		};
/* End PBXNativeTarget section */

/* Begin PBXProject section */
		1832DD481E02BAE90007A458 /* Project object */ = {
			isa = PBXProject;
			attributes = {
				LastUpgradeCheck = 0810;
				ORGANIZATIONNAME = apple;
				TargetAttributes = {
					1832DD4F1E02BAE90007A458 = {
						CreatedOnToolsVersion = 8.1;
						ProvisioningStyle = Automatic;
					};
				};
			};
			buildConfigurationList = 1832DD4B1E02BAE90007A458 /* Build configuration list for PBXProject "L_opengl_1" */;
			compatibilityVersion = "Xcode 3.2";
			developmentRegion = English;
			hasScannedForEncodings = 0;
			knownRegions = (
				en,
			);
			mainGroup = 1832DD471E02BAE90007A458;
			productRefGroup = 1832DD511E02BAE90007A458 /* Products */;
			projectDirPath = "";
			projectRoot = "";
			targets = (
				1832DD4F1E02BAE90007A458 /* L_opengl_1 */,
			);
		};
/* End PBXProject section */

/* Begin PBXSourcesBuildPhase section */
		1832DD4C1E02BAE90007A458 /* Sources */ = {
			isa = PBXSourcesBuildPhase;
			buildActionMask = 2147483647;
			files = (
				18FF56711E2BC3A400070095 /* VertexTypes.h in Sources */,
				18FF56721E2BC3A400070095 /* ShapeData.h in Sources */,
				18B081BE1E0462D700669944 /* image_helper.c in Sources */,
				18FF566A1E2BBE7700070095 /* Model.cpp in Sources */,
				18FF56431E243FCB00070095 /* Camera.cpp in Sources */,
				18121D8F1E158E82006FAF10 /* Game.cpp in Sources */,
				185DD0291E0873DC0014CB12 /* Frame.cpp in Sources */,
				1832DD541E02BAE90007A458 /* main.cpp in Sources */,
				1832DD751E02E0A50007A458 /* Cube.cpp in Sources */,
				18FF56471E26E60F00070095 /* Light.cpp in Sources */,
				18B081BD1E0462D700669944 /* image_DXT.c in Sources */,
				18FF56751E2BC44800070095 /* ShapeGenerator.cpp in Sources */,
				18B081BF1E0462D700669944 /* SOIL2.c in Sources */,
				18121D921E159454006FAF10 /* callbacks.cpp in Sources */,
				18B081BC1E0462D700669944 /* etc1_utils.c in Sources */,
				1832DD711E02DFA00007A458 /* ShaderLoader.cpp in Sources */,
			);
			runOnlyForDeploymentPostprocessing = 0;
		};
/* End PBXSourcesBuildPhase section */

/* Begin XCBuildConfiguration section */
		1832DD551E02BAE90007A458 /* Debug */ = {
			isa = XCBuildConfiguration;
			buildSettings = {
				ALWAYS_SEARCH_USER_PATHS = NO;
				CLANG_ANALYZER_NONNULL = YES;
				CLANG_CXX_LANGUAGE_STANDARD = "gnu++0x";
				CLANG_CXX_LIBRARY = "libc++";
				CLANG_ENABLE_MODULES = YES;
				CLANG_ENABLE_OBJC_ARC = YES;
				CLANG_WARN_BOOL_CONVERSION = YES;
				CLANG_WARN_CONSTANT_CONVERSION = YES;
				CLANG_WARN_DIRECT_OBJC_ISA_USAGE = YES_ERROR;
				CLANG_WARN_DOCUMENTATION_COMMENTS = YES;
				CLANG_WARN_EMPTY_BODY = YES;
				CLANG_WARN_ENUM_CONVERSION = YES;
				CLANG_WARN_INFINITE_RECURSION = YES;
				CLANG_WARN_INT_CONVERSION = YES;
				CLANG_WARN_OBJC_ROOT_CLASS = YES_ERROR;
				CLANG_WARN_SUSPICIOUS_MOVES = YES;
				CLANG_WARN_UNREACHABLE_CODE = YES;
				CLANG_WARN__DUPLICATE_METHOD_MATCH = YES;
				CODE_SIGN_IDENTITY = "-";
				COPY_PHASE_STRIP = NO;
				DEBUG_INFORMATION_FORMAT = dwarf;
				ENABLE_STRICT_OBJC_MSGSEND = YES;
				ENABLE_TESTABILITY = YES;
				GCC_C_LANGUAGE_STANDARD = gnu99;
				GCC_DYNAMIC_NO_PIC = NO;
				GCC_NO_COMMON_BLOCKS = YES;
				GCC_OPTIMIZATION_LEVEL = 0;
				GCC_PREPROCESSOR_DEFINITIONS = (
					"DEBUG=1",
					"$(inherited)",
				);
				GCC_WARN_64_TO_32_BIT_CONVERSION = YES;
				GCC_WARN_ABOUT_RETURN_TYPE = YES_ERROR;
				GCC_WARN_UNDECLARED_SELECTOR = YES;
				GCC_WARN_UNINITIALIZED_AUTOS = YES_AGGRESSIVE;
				GCC_WARN_UNUSED_FUNCTION = YES;
				GCC_WARN_UNUSED_VARIABLE = YES;
				MACOSX_DEPLOYMENT_TARGET = 10.12;
				MTL_ENABLE_DEBUG_INFO = YES;
				ONLY_ACTIVE_ARCH = YES;
				SDKROOT = macosx;
			};
			name = Debug;
		};
		1832DD561E02BAE90007A458 /* Release */ = {
			isa = XCBuildConfiguration;
			buildSettings = {
				ALWAYS_SEARCH_USER_PATHS = NO;
				CLANG_ANALYZER_NONNULL = YES;
				CLANG_CXX_LANGUAGE_STANDARD = "gnu++0x";
				CLANG_CXX_LIBRARY = "libc++";
				CLANG_ENABLE_MODULES = YES;
				CLANG_ENABLE_OBJC_ARC = YES;
				CLANG_WARN_BOOL_CONVERSION = YES;
				CLANG_WARN_CONSTANT_CONVERSION = YES;
				CLANG_WARN_DIRECT_OBJC_ISA_USAGE = YES_ERROR;
				CLANG_WARN_DOCUMENTATION_COMMENTS = YES;
				CLANG_WARN_EMPTY_BODY = YES;
				CLANG_WARN_ENUM_CONVERSION = YES;
				CLANG_WARN_INFINITE_RECURSION = YES;
				CLANG_WARN_INT_CONVERSION = YES;
				CLANG_WARN_OBJC_ROOT_CLASS = YES_ERROR;
				CLANG_WARN_SUSPICIOUS_MOVES = YES;
				CLANG_WARN_UNREACHABLE_CODE = YES;
				CLANG_WARN__DUPLICATE_METHOD_MATCH = YES;
				CODE_SIGN_IDENTITY = "-";
				COPY_PHASE_STRIP = NO;
				DEBUG_INFORMATION_FORMAT = "dwarf-with-dsym";
				ENABLE_NS_ASSERTIONS = NO;
				ENABLE_STRICT_OBJC_MSGSEND = YES;
				GCC_C_LANGUAGE_STANDARD = gnu99;
				GCC_NO_COMMON_BLOCKS = YES;
				GCC_WARN_64_TO_32_BIT_CONVERSION = YES;
				GCC_WARN_ABOUT_RETURN_TYPE = YES_ERROR;
				GCC_WARN_UNDECLARED_SELECTOR = YES;
				GCC_WARN_UNINITIALIZED_AUTOS = YES_AGGRESSIVE;
				GCC_WARN_UNUSED_FUNCTION = YES;
				GCC_WARN_UNUSED_VARIABLE = YES;
				MACOSX_DEPLOYMENT_TARGET = 10.12;
				MTL_ENABLE_DEBUG_INFO = NO;
				SDKROOT = macosx;
			};
			name = Release;
		};
		1832DD581E02BAE90007A458 /* Debug */ = {
			isa = XCBuildConfiguration;
			buildSettings = {
				HEADER_SEARCH_PATHS = (
					/usr/local/Cellar/glm/0.9.8.3/include,
					/usr/local/Cellar/glfw/3.2.1/include,
					/usr/local/include,
				);
				LIBRARY_SEARCH_PATHS = (
					"$(inherited)",
					/usr/local/Cellar/glew/2.0.0/lib,
					/usr/local/Cellar/glfw/3.2.1/lib,
				);
				PRODUCT_NAME = "$(TARGET_NAME)";
			};
			name = Debug;
		};
		1832DD591E02BAE90007A458 /* Release */ = {
			isa = XCBuildConfiguration;
			buildSettings = {
				HEADER_SEARCH_PATHS = (
					/usr/local/Cellar/glm/0.9.8.3/include,
					/usr/local/Cellar/glfw/3.2.1/include,
					/usr/local/include,
				);
				LIBRARY_SEARCH_PATHS = (
					"$(inherited)",
					/usr/local/Cellar/glew/2.0.0/lib,
					/usr/local/Cellar/glfw/3.2.1/lib,
				);
				PRODUCT_NAME = "$(TARGET_NAME)";
			};
			name = Release;
		};
/* End XCBuildConfiguration section */

/* Begin XCConfigurationList section */
		1832DD4B1E02BAE90007A458 /* Build configuration list for PBXProject "L_opengl_1" */ = {
			isa = XCConfigurationList;
			buildConfigurations = (
				1832DD551E02BAE90007A458 /* Debug */,
				1832DD561E02BAE90007A458 /* Release */,
			);
			defaultConfigurationIsVisible = 0;
			defaultConfigurationName = Release;
		};
		1832DD571E02BAE90007A458 /* Build configuration list for PBXNativeTarget "L_opengl_1" */ = {
			isa = XCConfigurationList;
			buildConfigurations = (
				1832DD581E02BAE90007A458 /* Debug */,
				1832DD591E02BAE90007A458 /* Release */,
			);
			defaultConfigurationIsVisible = 0;
			defaultConfigurationName = Release;
		};
/* End XCConfigurationList section */
	};
	rootObject = 1832DD481E02BAE90007A458 /* Project object */;
}
